
Microsoft Visual Studio Solution File, Format Version 12.00
# Visual Studio Version 17
VisualStudioVersion = 17.1.32210.238
MinimumVisualStudioVersion = 10.0.40219.1
Project("{FAE04EC0-301F-11D3-BF4B-00C04F79EFBC}") = "CSharpFundamentals", "CSharpFundamentals\CSharpFundamentals.csproj", "{04FC06C1-3738-42F8-91DC-3646F8AFA0AD}"
EndProject
Global
	GlobalSection(SolutionConfigurationPlatforms) = preSolution
		Debug|Any CPU = Debug|Any CPU
		Release|Any CPU = Release|Any CPU
	EndGlobalSection
	GlobalSection(ProjectConfigurationPlatforms) = postSolution
		{04FC06C1-3738-42F8-91DC-3646F8AFA0AD}.Debug|Any CPU.ActiveCfg = Debug|Any CPU
		{04FC06C1-3738-42F8-91DC-3646F8AFA0AD}.Debug|Any CPU.Build.0 = Debug|Any CPU
		{04FC06C1-3738-42F8-91DC-3646F8AFA0AD}.Release|Any CPU.ActiveCfg = Release|Any CPU
		{04FC06C1-3738-42F8-91DC-3646F8AFA0AD}.Release|Any CPU.Build.0 = Release|Any CPU
	EndGlobalSection
	GlobalSection(SolutionProperties) = preSolution
		HideSolutionNode = FALSE
	EndGlobalSection
	GlobalSection(ExtensibilityGlobals) = postSolution
		SolutionGuid = {D4869434-68B9-446D-B8A9-8942668DA61B}
	EndGlobalSection
EndGlobal
